# THIS IS AN AUTOGENERATED FILE. DO NOT EDIT THIS FILE DIRECTLY.
# yarn lockfile v1


mdiff@^1.4.2:
  version "1.4.2"
  resolved "https://registry.yarnpkg.com/mdiff/-/mdiff-1.4.2.tgz#9afc55a45f3d4c46b46893ca7d03484362bf36a6"
  integrity sha512-rVOanprkFBxAW+HFT36h22J0j7cEk6OGUfwRRjrydcaY4HGKCrcH4NbRt7XTwoSwxVtcxxuxrmZuiaD6kwjqhA==
